
Microsoft Visual Studio Solution File, Format Version 12.00
# Visual Studio 15
VisualStudioVersion = 15.0.28307.168
MinimumVisualStudioVersion = 10.0.40219.1
Project("{8BC9CEB8-8B4A-11D0-8D11-00A0C91BC942}") = "Lin91", "Lin91\Lin91.vcxproj", "{B9794B37-E37E-4D73-AFA4-5CF350000385}"
EndProject
Global
	GlobalSection(SolutionConfigurationPlatforms) = preSolution
		Debug|x64 = Debug|x64
		Debug|x86 = Debug|x86
		Release|x64 = Release|x64
		Release|x86 = Release|x86
	EndGlobalSection
	GlobalSection(ProjectConfigurationPlatforms) = postSolution
		{B9794B37-E37E-4D73-AFA4-5CF350000385}.Debug|x64.ActiveCfg = Debug|x64
		{B9794B37-E37E-4D73-AFA4-5CF350000385}.Debug|x64.Build.0 = Debug|x64
		{B9794B37-E37E-4D73-AFA4-5CF350000385}.Debug|x86.ActiveCfg = Debug|Win32
		{B9794B37-E37E-4D73-AFA4-5CF350000385}.Debug|x86.Build.0 = Debug|Win32
		{B9794B37-E37E-4D73-AFA4-5CF350000385}.Release|x64.ActiveCfg = Release|x64
		{B9794B37-E37E-4D73-AFA4-5CF350000385}.Release|x64.Build.0 = Release|x64
		{B9794B37-E37E-4D73-AFA4-5CF350000385}.Release|x86.ActiveCfg = Release|Win32
		{B9794B37-E37E-4D73-AFA4-5CF350000385}.Release|x86.Build.0 = Release|Win32
	EndGlobalSection
	GlobalSection(SolutionProperties) = preSolution
		HideSolutionNode = FALSE
	EndGlobalSection
	GlobalSection(ExtensibilityGlobals) = postSolution
		SolutionGuid = {8319CEB2-249E-4A65-A527-AA8E945C6CFD}
	EndGlobalSection
EndGlobal
